uuid: dba992a6-2894-4099-87cc-c7174228a9a2
langcode: en
status: false
dependencies:
  config:
    - views.view.weekly_reports
  module:
    - system
    - views
  theme:
    - cpb_inhouse
id: views_block__weekly_reports_weekly_reports_block
theme: cpb_inhouse
region: navigation
weight: -7
provider: null
plugin: 'views_block:weekly_reports-weekly_reports_block'
settings:
  id: 'views_block:weekly_reports-weekly_reports_block'
  label: ''
  label_display: visible
  provider: views
  views_label: ''
  items_per_page: none
visibility:
  request_path:
    id: request_path
    negate: false
    context_mapping: {  }
    pages: '<front>'
