uuid: 023fa8f8-9f00-40e8-95bd-2d14aabbc436
langcode: en
status: true
dependencies:
  config:
    - views.view.conf_rooms
  module:
    - system
    - views
  theme:
    - cpb_inhouse
id: conf_rooms_block
theme: cpb_inhouse
region: content
weight: -14
provider: null
plugin: 'views_block:conf_rooms-block_1'
settings:
  id: 'views_block:conf_rooms-block_1'
  label: ''
  label_display: '0'
  provider: views
  views_label: ''
  items_per_page: none
visibility:
  request_path:
    id: request_path
    negate: false
    pages: /node/80737
